
Microsoft Visual Studio Solution File, Format Version 12.00
# Visual Studio 15
VisualStudioVersion = 15.0.27703.2026
MinimumVisualStudioVersion = 10.0.40219.1
Project("{FAE04EC0-301F-11D3-BF4B-00C04F79EFBC}") = "Practica-Imagen", "Practica-Imagen\Practica-Imagen.csproj", "{CE070C61-1C33-429E-A542-4EB6AFC85058}"
EndProject
Global
	GlobalSection(SolutionConfigurationPlatforms) = preSolution
		Debug|Any CPU = Debug|Any CPU
		Release|Any CPU = Release|Any CPU
	EndGlobalSection
	GlobalSection(ProjectConfigurationPlatforms) = postSolution
		{CE070C61-1C33-429E-A542-4EB6AFC85058}.Debug|Any CPU.ActiveCfg = Debug|Any CPU
		{CE070C61-1C33-429E-A542-4EB6AFC85058}.Debug|Any CPU.Build.0 = Debug|Any CPU
		{CE070C61-1C33-429E-A542-4EB6AFC85058}.Release|Any CPU.ActiveCfg = Release|Any CPU
		{CE070C61-1C33-429E-A542-4EB6AFC85058}.Release|Any CPU.Build.0 = Release|Any CPU
	EndGlobalSection
	GlobalSection(SolutionProperties) = preSolution
		HideSolutionNode = FALSE
	EndGlobalSection
	GlobalSection(ExtensibilityGlobals) = postSolution
		SolutionGuid = {2CAAC2B7-843A-40EA-BCC9-E7038E65832B}
	EndGlobalSection
EndGlobal
